
Microsoft Visual Studio Solution File, Format Version 12.00
# Visual Studio 15
VisualStudioVersion = 15.0.26430.16
MinimumVisualStudioVersion = 10.0.40219.1
Project("{FAE04EC0-301F-11D3-BF4B-00C04F79EFBC}") = "BambooTestSite", "BambooTestSite\BambooTestSite.csproj", "{66620FE1-719A-42EF-BB70-C274B9A873F2}"
EndProject
Project("{FAE04EC0-301F-11D3-BF4B-00C04F79EFBC}") = "BambooTestSite.Tests", "BambooTestSite.Tests\BambooTestSite.Tests.csproj", "{FC411B04-F2D5-473D-82B1-C260E9150D4E}"
EndProject
Global
	GlobalSection(SolutionConfigurationPlatforms) = preSolution
		Debug|Any CPU = Debug|Any CPU
		Release|Any CPU = Release|Any CPU
	EndGlobalSection
	GlobalSection(ProjectConfigurationPlatforms) = postSolution
		{66620FE1-719A-42EF-BB70-C274B9A873F2}.Debug|Any CPU.ActiveCfg = Debug|Any CPU
		{66620FE1-719A-42EF-BB70-C274B9A873F2}.Debug|Any CPU.Build.0 = Debug|Any CPU
		{66620FE1-719A-42EF-BB70-C274B9A873F2}.Release|Any CPU.ActiveCfg = Release|Any CPU
		{66620FE1-719A-42EF-BB70-C274B9A873F2}.Release|Any CPU.Build.0 = Release|Any CPU
		{FC411B04-F2D5-473D-82B1-C260E9150D4E}.Debug|Any CPU.ActiveCfg = Debug|Any CPU
		{FC411B04-F2D5-473D-82B1-C260E9150D4E}.Debug|Any CPU.Build.0 = Debug|Any CPU
		{FC411B04-F2D5-473D-82B1-C260E9150D4E}.Release|Any CPU.ActiveCfg = Release|Any CPU
		{FC411B04-F2D5-473D-82B1-C260E9150D4E}.Release|Any CPU.Build.0 = Release|Any CPU
	EndGlobalSection
	GlobalSection(SolutionProperties) = preSolution
		HideSolutionNode = FALSE
	EndGlobalSection
EndGlobal
